
Microsoft Visual Studio Solution File, Format Version 12.00
# Visual Studio Version 16
VisualStudioVersion = 16.0.30804.86
MinimumVisualStudioVersion = 10.0.40219.1
Project("{FAE04EC0-301F-11D3-BF4B-00C04F79EFBC}") = "Invoice", "Invoice.csproj", "{C88BE186-758F-4410-92A2-25D86EE9A198}"
EndProject
Global
	GlobalSection(SolutionConfigurationPlatforms) = preSolution
		Debug|Any CPU = Debug|Any CPU
		Release|Any CPU = Release|Any CPU
	EndGlobalSection
	GlobalSection(ProjectConfigurationPlatforms) = postSolution
		{C88BE186-758F-4410-92A2-25D86EE9A198}.Debug|Any CPU.ActiveCfg = Debug|Any CPU
		{C88BE186-758F-4410-92A2-25D86EE9A198}.Debug|Any CPU.Build.0 = Debug|Any CPU
		{C88BE186-758F-4410-92A2-25D86EE9A198}.Release|Any CPU.ActiveCfg = Release|Any CPU
		{C88BE186-758F-4410-92A2-25D86EE9A198}.Release|Any CPU.Build.0 = Release|Any CPU
	EndGlobalSection
	GlobalSection(SolutionProperties) = preSolution
		HideSolutionNode = FALSE
	EndGlobalSection
	GlobalSection(ExtensibilityGlobals) = postSolution
		SolutionGuid = {4C320FF0-005D-41BB-8212-17E2BD7B8461}
	EndGlobalSection
EndGlobal
